{
  "name": "y",
  "version": "1.0.0",
  "lockfileVersion": 1,
  "requires": true,
  "dependencies": {
    "d3-colorbar": {
      "version": "0.0.1",
      "resolved": "https://registry.npmjs.org/d3-colorbar/-/d3-colorbar-0.0.1.tgz",
      "integrity": "sha1-H9h4DYxRzuF17vW4ZCddG7rtikg="
    }
  }
}
